
Microsoft Visual Studio Solution File, Format Version 12.00
# Visual Studio Version 17
VisualStudioVersion = 17.8.34511.84
MinimumVisualStudioVersion = 10.0.40219.1
Project("{FAE04EC0-301F-11D3-BF4B-00C04F79EFBC}") = "SistemaTransporte", "SistemaTransporte\SistemaTransporte.csproj", "{9C390E18-CA93-4F98-86B9-88DC97CB1360}"
EndProject
Global
	GlobalSection(SolutionConfigurationPlatforms) = preSolution
		Debug|Any CPU = Debug|Any CPU
		Release|Any CPU = Release|Any CPU
	EndGlobalSection
	GlobalSection(ProjectConfigurationPlatforms) = postSolution
		{9C390E18-CA93-4F98-86B9-88DC97CB1360}.Debug|Any CPU.ActiveCfg = Debug|Any CPU
		{9C390E18-CA93-4F98-86B9-88DC97CB1360}.Debug|Any CPU.Build.0 = Debug|Any CPU
		{9C390E18-CA93-4F98-86B9-88DC97CB1360}.Release|Any CPU.ActiveCfg = Release|Any CPU
		{9C390E18-CA93-4F98-86B9-88DC97CB1360}.Release|Any CPU.Build.0 = Release|Any CPU
	EndGlobalSection
	GlobalSection(SolutionProperties) = preSolution
		HideSolutionNode = FALSE
	EndGlobalSection
	GlobalSection(ExtensibilityGlobals) = postSolution
		SolutionGuid = {741B642E-1E8A-4B2A-B68E-40D6EBAD2978}
	EndGlobalSection
EndGlobal
